// !$*UTF8*$!
{
	archiveVersion = 1;
	classes = {
	};
	objectVersion = 46;
	objects = {

/* Begin PBXBuildFile section */
		787FA1D2197AAA24004B084E /* main.m in Sources */ = {isa = PBXBuildFile; fileRef = 787FA1D1197AAA24004B084E /* main.m */; };
		787FA1D5197AAA24004B084E /* AppDelegate.m in Sources */ = {isa = PBXBuildFile; fileRef = 787FA1D4197AAA24004B084E /* AppDelegate.m */; };
		787FA1D8197AAA24004B084E /* ParentCab.xcdatamodeld in Sources */ = {isa = PBXBuildFile; fileRef = 787FA1D6197AAA24004B084E /* ParentCab.xcdatamodeld */; };
		787FA1DB197AAA24004B084E /* ViewController.m in Sources */ = {isa = PBXBuildFile; fileRef = 787FA1DA197AAA24004B084E /* ViewController.m */; };
		787FA1DE197AAA24004B084E /* Main.storyboard in Resources */ = {isa = PBXBuildFile; fileRef = 787FA1DC197AAA24004B084E /* Main.storyboard */; };
		787FA1E0197AAA24004B084E /* Images.xcassets in Resources */ = {isa = PBXBuildFile; fileRef = 787FA1DF197AAA24004B084E /* Images.xcassets */; };
		787FA1EC197AAA24004B084E /* ParentCabTests.m in Sources */ = {isa = PBXBuildFile; fileRef = 787FA1EB197AAA24004B084E /* ParentCabTests.m */; };
/* End PBXBuildFile section */

/* Begin PBXContainerItemProxy section */
		787FA1E6197AAA24004B084E /* PBXContainerItemProxy */ = {
			isa = PBXContainerItemProxy;
			containerPortal = 787FA1C4197AAA24004B084E /* Project object */;
			proxyType = 1;
			remoteGlobalIDString = 787FA1CB197AAA24004B084E;
			remoteInfo = ParentCab;
		};
/* End PBXContainerItemProxy section */

/* Begin PBXFileReference section */
		787FA1CC197AAA24004B084E /* ParentCab.app */ = {isa = PBXFileReference; explicitFileType = wrapper.application; includeInIndex = 0; path = ParentCab.app; sourceTree = BUILT_PRODUCTS_DIR; };
		787FA1D0197AAA24004B084E /* Info.plist */ = {isa = PBXFileReference; lastKnownFileType = text.plist.xml; path = Info.plist; sourceTree = "<group>"; };
		787FA1D1197AAA24004B084E /* main.m */ = {isa = PBXFileReference; lastKnownFileType = sourcecode.c.objc; path = main.m; sourceTree = "<group>"; };
		787FA1D3197AAA24004B084E /* AppDelegate.h */ = {isa = PBXFileReference; lastKnownFileType = sourcecode.c.h; path = AppDelegate.h; sourceTree = "<group>"; };
		787FA1D4197AAA24004B084E /* AppDelegate.m */ = {isa = PBXFileReference; lastKnownFileType = sourcecode.c.objc; path = AppDelegate.m; sourceTree = "<group>"; };
		787FA1D7197AAA24004B084E /* ParentCab.xcdatamodel */ = {isa = PBXFileReference; lastKnownFileType = wrapper.xcdatamodel; path = ParentCab.xcdatamodel; sourceTree = "<group>"; };
		787FA1D9197AAA24004B084E /* ViewController.h */ = {isa = PBXFileReference; lastKnownFileType = sourcecode.c.h; path = ViewController.h; sourceTree = "<group>"; };
		787FA1DA197AAA24004B084E /* ViewController.m */ = {isa = PBXFileReference; lastKnownFileType = sourcecode.c.objc; path = ViewController.m; sourceTree = "<group>"; };
		787FA1DD197AAA24004B084E /* Base */ = {isa = PBXFileReference; lastKnownFileType = file.storyboard; name = Base; path = Base.lproj/Main.storyboard; sourceTree = "<group>"; };
		787FA1DF197AAA24004B084E /* Images.xcassets */ = {isa = PBXFileReference; lastKnownFileType = folder.assetcatalog; path = Images.xcassets; sourceTree = "<group>"; };
		787FA1E5197AAA24004B084E /* ParentCabTests.xctest */ = {isa = PBXFileReference; explicitFileType = wrapper.cfbundle; includeInIndex = 0; path = ParentCabTests.xctest; sourceTree = BUILT_PRODUCTS_DIR; };
		787FA1EA197AAA24004B084E /* Info.plist */ = {isa = PBXFileReference; lastKnownFileType = text.plist.xml; path = Info.plist; sourceTree = "<group>"; };
		787FA1EB197AAA24004B084E /* ParentCabTests.m */ = {isa = PBXFileReference; lastKnownFileType = sourcecode.c.objc; path = ParentCabTests.m; sourceTree = "<group>"; };
/* End PBXFileReference section */

/* Begin PBXFrameworksBuildPhase section */
		787FA1C9197AAA24004B084E /* Frameworks */ = {
			isa = PBXFrameworksBuildPhase;
			buildActionMask = 2147483647;
			files = (
			);
			runOnlyForDeploymentPostprocessing = 0;
		};
		787FA1E2197AAA24004B084E /* Frameworks */ = {
			isa = PBXFrameworksBuildPhase;
			buildActionMask = 2147483647;
			files = (
			);
			runOnlyForDeploymentPostprocessing = 0;
		};
/* End PBXFrameworksBuildPhase section */

/* Begin PBXGroup section */
		787FA1C3197AAA24004B084E = {
			isa = PBXGroup;
			children = (
				787FA1CE197AAA24004B084E /* ParentCab */,
				787FA1E8197AAA24004B084E /* ParentCabTests */,
				787FA1CD197AAA24004B084E /* Products */,
			);
			sourceTree = "<group>";
		};
		787FA1CD197AAA24004B084E /* Products */ = {
			isa = PBXGroup;
			children = (
				787FA1CC197AAA24004B084E /* ParentCab.app */,
				787FA1E5197AAA24004B084E /* ParentCabTests.xctest */,
			);
			name = Products;
			sourceTree = "<group>";
		};
		787FA1CE197AAA24004B084E /* ParentCab */ = {
			isa = PBXGroup;
			children = (
				787FA1D3197AAA24004B084E /* AppDelegate.h */,
				787FA1D4197AAA24004B084E /* AppDelegate.m */,
				787FA1D9197AAA24004B084E /* ViewController.h */,
				787FA1DA197AAA24004B084E /* ViewController.m */,
				787FA1DC197AAA24004B084E /* Main.storyboard */,
				787FA1DF197AAA24004B084E /* Images.xcassets */,
				787FA1D6197AAA24004B084E /* ParentCab.xcdatamodeld */,
				787FA1CF197AAA24004B084E /* Supporting Files */,
			);
			path = ParentCab;
			sourceTree = "<group>";
		};
		787FA1CF197AAA24004B084E /* Supporting Files */ = {
			isa = PBXGroup;
			children = (
				787FA1D0197AAA24004B084E /* Info.plist */,
				787FA1D1197AAA24004B084E /* main.m */,
			);
			name = "Supporting Files";
			sourceTree = "<group>";
		};
		787FA1E8197AAA24004B084E /* ParentCabTests */ = {
			isa = PBXGroup;
			children = (
				787FA1EB197AAA24004B084E /* ParentCabTests.m */,
				787FA1E9197AAA24004B084E /* Supporting Files */,
			);
			path = ParentCabTests;
			sourceTree = "<group>";
		};
		787FA1E9197AAA24004B084E /* Supporting Files */ = {
			isa = PBXGroup;
			children = (
				787FA1EA197AAA24004B084E /* Info.plist */,
			);
			name = "Supporting Files";
			sourceTree = "<group>";
		};
/* End PBXGroup section */

/* Begin PBXNativeTarget section */
		787FA1CB197AAA24004B084E /* ParentCab */ = {
			isa = PBXNativeTarget;
			buildConfigurationList = 787FA1EF197AAA24004B084E /* Build configuration list for PBXNativeTarget "ParentCab" */;
			buildPhases = (
				787FA1C8197AAA24004B084E /* Sources */,
				787FA1C9197AAA24004B084E /* Frameworks */,
				787FA1CA197AAA24004B084E /* Resources */,
			);
			buildRules = (
			);
			dependencies = (
			);
			name = ParentCab;
			productName = ParentCab;
			productReference = 787FA1CC197AAA24004B084E /* ParentCab.app */;
			productType = "com.apple.product-type.application";
		};
		787FA1E4197AAA24004B084E /* ParentCabTests */ = {
			isa = PBXNativeTarget;
			buildConfigurationList = 787FA1F2197AAA24004B084E /* Build configuration list for PBXNativeTarget "ParentCabTests" */;
			buildPhases = (
				787FA1E1197AAA24004B084E /* Sources */,
				787FA1E2197AAA24004B084E /* Frameworks */,
				787FA1E3197AAA24004B084E /* Resources */,
			);
			buildRules = (
			);
			dependencies = (
				787FA1E7197AAA24004B084E /* PBXTargetDependency */,
			);
			name = ParentCabTests;
			productName = ParentCabTests;
			productReference = 787FA1E5197AAA24004B084E /* ParentCabTests.xctest */;
			productType = "com.apple.product-type.bundle.unit-test";
		};
/* End PBXNativeTarget section */

/* Begin PBXProject section */
		787FA1C4197AAA24004B084E /* Project object */ = {
			isa = PBXProject;
			attributes = {
				LastUpgradeCheck = 0600;
				ORGANIZATIONNAME = "Zac Tolley";
				TargetAttributes = {
					787FA1CB197AAA24004B084E = {
						CreatedOnToolsVersion = 6.0;
					};
					787FA1E4197AAA24004B084E = {
						CreatedOnToolsVersion = 6.0;
						TestTargetID = 787FA1CB197AAA24004B084E;
					};
				};
			};
			buildConfigurationList = 787FA1C7197AAA24004B084E /* Build configuration list for PBXProject "ParentCab" */;
			compatibilityVersion = "Xcode 3.2";
			developmentRegion = English;
			hasScannedForEncodings = 0;
			knownRegions = (
				en,
				Base,
			);
			mainGroup = 787FA1C3197AAA24004B084E;
			productRefGroup = 787FA1CD197AAA24004B084E /* Products */;
			projectDirPath = "";
			projectRoot = "";
			targets = (
				787FA1CB197AAA24004B084E /* ParentCab */,
				787FA1E4197AAA24004B084E /* ParentCabTests */,
			);
		};
/* End PBXProject section */

/* Begin PBXResourcesBuildPhase section */
		787FA1CA197AAA24004B084E /* Resources */ = {
			isa = PBXResourcesBuildPhase;
			buildActionMask = 2147483647;
			files = (
				787FA1DE197AAA24004B084E /* Main.storyboard in Resources */,
				787FA1E0197AAA24004B084E /* Images.xcassets in Resources */,
			);
			runOnlyForDeploymentPostprocessing = 0;
		};
		787FA1E3197AAA24004B084E /* Resources */ = {
			isa = PBXResourcesBuildPhase;
			buildActionMask = 2147483647;
			files = (
			);
			runOnlyForDeploymentPostprocessing = 0;
		};
/* End PBXResourcesBuildPhase section */

/* Begin PBXSourcesBuildPhase section */
		787FA1C8197AAA24004B084E /* Sources */ = {
			isa = PBXSourcesBuildPhase;
			buildActionMask = 2147483647;
			files = (
				787FA1D5197AAA24004B084E /* AppDelegate.m in Sources */,
				787FA1D2197AAA24004B084E /* main.m in Sources */,
				787FA1DB197AAA24004B084E /* ViewController.m in Sources */,
				787FA1D8197AAA24004B084E /* ParentCab.xcdatamodeld in Sources */,
			);
			runOnlyForDeploymentPostprocessing = 0;
		};
		787FA1E1197AAA24004B084E /* Sources */ = {
			isa = PBXSourcesBuildPhase;
			buildActionMask = 2147483647;
			files = (
				787FA1EC197AAA24004B084E /* ParentCabTests.m in Sources */,
			);
			runOnlyForDeploymentPostprocessing = 0;
		};
/* End PBXSourcesBuildPhase section */

/* Begin PBXTargetDependency section */
		787FA1E7197AAA24004B084E /* PBXTargetDependency */ = {
			isa = PBXTargetDependency;
			target = 787FA1CB197AAA24004B084E /* ParentCab */;
			targetProxy = 787FA1E6197AAA24004B084E /* PBXContainerItemProxy */;
		};
/* End PBXTargetDependency section */

/* Begin PBXVariantGroup section */
		787FA1DC197AAA24004B084E /* Main.storyboard */ = {
			isa = PBXVariantGroup;
			children = (
				787FA1DD197AAA24004B084E /* Base */,
			);
			name = Main.storyboard;
			sourceTree = "<group>";
		};
/* End PBXVariantGroup section */

/* Begin XCBuildConfiguration section */
		787FA1ED197AAA24004B084E /* Debug */ = {
			isa = XCBuildConfiguration;
			buildSettings = {
				ALWAYS_SEARCH_USER_PATHS = NO;
				CLANG_CXX_LANGUAGE_STANDARD = "gnu++0x";
				CLANG_CXX_LIBRARY = "libc++";
				CLANG_ENABLE_MODULES = YES;
				CLANG_ENABLE_OBJC_ARC = YES;
				CLANG_WARN_BOOL_CONVERSION = YES;
				CLANG_WARN_CONSTANT_CONVERSION = YES;
				CLANG_WARN_DIRECT_OBJC_ISA_USAGE = YES_ERROR;
				CLANG_WARN_EMPTY_BODY = YES;
				CLANG_WARN_ENUM_CONVERSION = YES;
				CLANG_WARN_INT_CONVERSION = YES;
				CLANG_WARN_OBJC_ROOT_CLASS = YES_ERROR;
				CLANG_WARN_UNREACHABLE_CODE = YES;
				CLANG_WARN__DUPLICATE_METHOD_MATCH = YES;
				"CODE_SIGN_IDENTITY[sdk=iphoneos*]" = "iPhone Developer";
				COPY_PHASE_STRIP = NO;
				ENABLE_STRICT_OBJC_MSGSEND = YES;
				GCC_C_LANGUAGE_STANDARD = gnu99;
				GCC_DYNAMIC_NO_PIC = NO;
				GCC_OPTIMIZATION_LEVEL = 0;
				GCC_PREPROCESSOR_DEFINITIONS = (
					"DEBUG=1",
					"$(inherited)",
				);
				GCC_SYMBOLS_PRIVATE_EXTERN = NO;
				GCC_WARN_64_TO_32_BIT_CONVERSION = YES;
				GCC_WARN_ABOUT_RETURN_TYPE = YES_ERROR;
				GCC_WARN_UNDECLARED_SELECTOR = YES;
				GCC_WARN_UNINITIALIZED_AUTOS = YES_AGGRESSIVE;
				GCC_WARN_UNUSED_FUNCTION = YES;
				GCC_WARN_UNUSED_VARIABLE = YES;
				IPHONEOS_DEPLOYMENT_TARGET = 8.0;
				MTL_ENABLE_DEBUG_INFO = YES;
				ONLY_ACTIVE_ARCH = YES;
				SDKROOT = iphoneos;
				TARGETED_DEVICE_FAMILY = "1,2";
			};
			name = Debug;
		};
		787FA1EE197AAA24004B084E /* Release */ = {
			isa = XCBuildConfiguration;
			buildSettings = {
				ALWAYS_SEARCH_USER_PATHS = NO;
				CLANG_CXX_LANGUAGE_STANDARD = "gnu++0x";
				CLANG_CXX_LIBRARY = "libc++";
				CLANG_ENABLE_MODULES = YES;
				CLANG_ENABLE_OBJC_ARC = YES;
				CLANG_WARN_BOOL_CONVERSION = YES;
				CLANG_WARN_CONSTANT_CONVERSION = YES;
				CLANG_WARN_DIRECT_OBJC_ISA_USAGE = YES_ERROR;
				CLANG_WARN_EMPTY_BODY = YES;
				CLANG_WARN_ENUM_CONVERSION = YES;
				CLANG_WARN_INT_CONVERSION = YES;
				CLANG_WARN_OBJC_ROOT_CLASS = YES_ERROR;
				CLANG_WARN_UNREACHABLE_CODE = YES;
				CLANG_WARN__DUPLICATE_METHOD_MATCH = YES;
				"CODE_SIGN_IDENTITY[sdk=iphoneos*]" = "iPhone Developer";
				COPY_PHASE_STRIP = YES;
				ENABLE_NS_ASSERTIONS = NO;
				ENABLE_STRICT_OBJC_MSGSEND = YES;
				GCC_C_LANGUAGE_STANDARD = gnu99;
				GCC_WARN_64_TO_32_BIT_CONVERSION = YES;
				GCC_WARN_ABOUT_RETURN_TYPE = YES_ERROR;
				GCC_WARN_UNDECLARED_SELECTOR = YES;
				GCC_WARN_UNINITIALIZED_AUTOS = YES_AGGRESSIVE;
				GCC_WARN_UNUSED_FUNCTION = YES;
				GCC_WARN_UNUSED_VARIABLE = YES;
				IPHONEOS_DEPLOYMENT_TARGET = 8.0;
				MTL_ENABLE_DEBUG_INFO = NO;
				SDKROOT = iphoneos;
				TARGETED_DEVICE_FAMILY = "1,2";
				VALIDATE_PRODUCT = YES;
			};
			name = Release;
		};
		787FA1F0197AAA24004B084E /* Debug */ = {
			isa = XCBuildConfiguration;
			buildSettings = {
				ASSETCATALOG_COMPILER_APPICON_NAME = AppIcon;
				ASSETCATALOG_COMPILER_LAUNCHIMAGE_NAME = LaunchImage;
				INFOPLIST_FILE = ParentCab/Info.plist;
				LD_RUNPATH_SEARCH_PATHS = "$(inherited) @executable_path/Frameworks";
				PRODUCT_NAME = "$(TARGET_NAME)";
			};
			name = Debug;
		};
		787FA1F1197AAA24004B084E /* Release */ = {
			isa = XCBuildConfiguration;
			buildSettings = {
				ASSETCATALOG_COMPILER_APPICON_NAME = AppIcon;
				ASSETCATALOG_COMPILER_LAUNCHIMAGE_NAME = LaunchImage;
				INFOPLIST_FILE = ParentCab/Info.plist;
				LD_RUNPATH_SEARCH_PATHS = "$(inherited) @executable_path/Frameworks";
				PRODUCT_NAME = "$(TARGET_NAME)";
			};
			name = Release;
		};
		787FA1F3197AAA24004B084E /* Debug */ = {
			isa = XCBuildConfiguration;
			buildSettings = {
				BUNDLE_LOADER = "$(BUILT_PRODUCTS_DIR)/ParentCab.app/ParentCab";
				FRAMEWORK_SEARCH_PATHS = (
					"$(SDKROOT)/Developer/Library/Frameworks",
					"$(inherited)",
				);
				GCC_PREPROCESSOR_DEFINITIONS = (
					"DEBUG=1",
					"$(inherited)",
				);
				INFOPLIST_FILE = ParentCabTests/Info.plist;
				LD_RUNPATH_SEARCH_PATHS = "$(inherited) @executable_path/Frameworks @loader_path/Frameworks";
				PRODUCT_NAME = "$(TARGET_NAME)";
				TEST_HOST = "$(BUNDLE_LOADER)";
			};
			name = Debug;
		};
		787FA1F4197AAA24004B084E /* Release */ = {
			isa = XCBuildConfiguration;
			buildSettings = {
				BUNDLE_LOADER = "$(BUILT_PRODUCTS_DIR)/ParentCab.app/ParentCab";
				FRAMEWORK_SEARCH_PATHS = (
					"$(SDKROOT)/Developer/Library/Frameworks",
					"$(inherited)",
				);
				INFOPLIST_FILE = ParentCabTests/Info.plist;
				LD_RUNPATH_SEARCH_PATHS = "$(inherited) @executable_path/Frameworks @loader_path/Frameworks";
				PRODUCT_NAME = "$(TARGET_NAME)";
				TEST_HOST = "$(BUNDLE_LOADER)";
			};
			name = Release;
		};
/* End XCBuildConfiguration section */

/* Begin XCConfigurationList section */
		787FA1C7197AAA24004B084E /* Build configuration list for PBXProject "ParentCab" */ = {
			isa = XCConfigurationList;
			buildConfigurations = (
				787FA1ED197AAA24004B084E /* Debug */,
				787FA1EE197AAA24004B084E /* Release */,
			);
			defaultConfigurationIsVisible = 0;
			defaultConfigurationName = Release;
		};
		787FA1EF197AAA24004B084E /* Build configuration list for PBXNativeTarget "ParentCab" */ = {
			isa = XCConfigurationList;
			buildConfigurations = (
				787FA1F0197AAA24004B084E /* Debug */,
				787FA1F1197AAA24004B084E /* Release */,
			);
			defaultConfigurationIsVisible = 0;
		};
		787FA1F2197AAA24004B084E /* Build configuration list for PBXNativeTarget "ParentCabTests" */ = {
			isa = XCConfigurationList;
			buildConfigurations = (
				787FA1F3197AAA24004B084E /* Debug */,
				787FA1F4197AAA24004B084E /* Release */,
			);
			defaultConfigurationIsVisible = 0;
		};
/* End XCConfigurationList section */

/* Begin XCVersionGroup section */
		787FA1D6197AAA24004B084E /* ParentCab.xcdatamodeld */ = {
			isa = XCVersionGroup;
			children = (
				787FA1D7197AAA24004B084E /* ParentCab.xcdatamodel */,
			);
			currentVersion = 787FA1D7197AAA24004B084E /* ParentCab.xcdatamodel */;
			path = ParentCab.xcdatamodeld;
			sourceTree = "<group>";
			versionGroupType = wrapper.xcdatamodel;
		};
/* End XCVersionGroup section */
	};
	rootObject = 787FA1C4197AAA24004B084E /* Project object */;
}
